
Microsoft Visual Studio Solution File, Format Version 12.00
# Visual Studio Version 17
VisualStudioVersion = 17.8.34309.116
MinimumVisualStudioVersion = 10.0.40219.1
Project("{FAE04EC0-301F-11D3-BF4B-00C04F79EFBC}") = "BookShop", "BookShop\BookShop.csproj", "{F9E8D755-7675-4BB5-B31C-0BD2EFCBAFF0}"
EndProject
Project("{FAE04EC0-301F-11D3-BF4B-00C04F79EFBC}") = "Business", "Business1\Business.csproj", "{0BEC9621-B9D9-4ED3-B4D9-823D4714E2F1}"
EndProject
Project("{FAE04EC0-301F-11D3-BF4B-00C04F79EFBC}") = "Data", "Data1\Data.csproj", "{1073CE46-A7C1-4CC5-945C-15CAAB535479}"
EndProject
Global
	GlobalSection(SolutionConfigurationPlatforms) = preSolution
		Debug|Any CPU = Debug|Any CPU
		Release|Any CPU = Release|Any CPU
	EndGlobalSection
	GlobalSection(ProjectConfigurationPlatforms) = postSolution
		{F9E8D755-7675-4BB5-B31C-0BD2EFCBAFF0}.Debug|Any CPU.ActiveCfg = Debug|Any CPU
		{F9E8D755-7675-4BB5-B31C-0BD2EFCBAFF0}.Debug|Any CPU.Build.0 = Debug|Any CPU
		{F9E8D755-7675-4BB5-B31C-0BD2EFCBAFF0}.Release|Any CPU.ActiveCfg = Release|Any CPU
		{F9E8D755-7675-4BB5-B31C-0BD2EFCBAFF0}.Release|Any CPU.Build.0 = Release|Any CPU
		{0BEC9621-B9D9-4ED3-B4D9-823D4714E2F1}.Debug|Any CPU.ActiveCfg = Debug|Any CPU
		{0BEC9621-B9D9-4ED3-B4D9-823D4714E2F1}.Debug|Any CPU.Build.0 = Debug|Any CPU
		{0BEC9621-B9D9-4ED3-B4D9-823D4714E2F1}.Release|Any CPU.ActiveCfg = Release|Any CPU
		{0BEC9621-B9D9-4ED3-B4D9-823D4714E2F1}.Release|Any CPU.Build.0 = Release|Any CPU
		{1073CE46-A7C1-4CC5-945C-15CAAB535479}.Debug|Any CPU.ActiveCfg = Debug|Any CPU
		{1073CE46-A7C1-4CC5-945C-15CAAB535479}.Debug|Any CPU.Build.0 = Debug|Any CPU
		{1073CE46-A7C1-4CC5-945C-15CAAB535479}.Release|Any CPU.ActiveCfg = Release|Any CPU
		{1073CE46-A7C1-4CC5-945C-15CAAB535479}.Release|Any CPU.Build.0 = Release|Any CPU
	EndGlobalSection
	GlobalSection(SolutionProperties) = preSolution
		HideSolutionNode = FALSE
	EndGlobalSection
	GlobalSection(ExtensibilityGlobals) = postSolution
		SolutionGuid = {FB2A8F83-1BD4-4887-AEE6-6269D7CFAEDC}
	EndGlobalSection
EndGlobal
